// !$*UTF8*$!
{
	archiveVersion = 1;
	classes = {
	};
	objectVersion = 50;
	objects = {

/* Begin PBXBuildFile section */
		7A71AD2624EBE1FB006D8029 /* AppDelegate.swift in Sources */ = {isa = PBXBuildFile; fileRef = 7A71AD2524EBE1FB006D8029 /* AppDelegate.swift */; };
		7A71AD2824EBE1FB006D8029 /* SceneDelegate.swift in Sources */ = {isa = PBXBuildFile; fileRef = 7A71AD2724EBE1FB006D8029 /* SceneDelegate.swift */; };
		7A71AD2D24EBE1FB006D8029 /* Main.storyboard in Resources */ = {isa = PBXBuildFile; fileRef = 7A71AD2B24EBE1FB006D8029 /* Main.storyboard */; };
		7A71AD2F24EBE1FD006D8029 /* Assets.xcassets in Resources */ = {isa = PBXBuildFile; fileRef = 7A71AD2E24EBE1FD006D8029 /* Assets.xcassets */; };
		7A71AD3224EBE1FD006D8029 /* LaunchScreen.storyboard in Resources */ = {isa = PBXBuildFile; fileRef = 7A71AD3024EBE1FD006D8029 /* LaunchScreen.storyboard */; };
		7A71AD3A24EBE314006D8029 /* TableTableViewController.swift in Sources */ = {isa = PBXBuildFile; fileRef = 7A71AD3924EBE314006D8029 /* TableTableViewController.swift */; };
		7A71AD3C24EBE37B006D8029 /* Profile.swift in Sources */ = {isa = PBXBuildFile; fileRef = 7A71AD3B24EBE37B006D8029 /* Profile.swift */; };
		7A71AD3F24EC0629006D8029 /* TableViewCell.swift in Sources */ = {isa = PBXBuildFile; fileRef = 7A71AD3E24EC0629006D8029 /* TableViewCell.swift */; };
		7A71AD4324EC3308006D8029 /* ViewModel.swift in Sources */ = {isa = PBXBuildFile; fileRef = 7A71AD4224EC3308006D8029 /* ViewModel.swift */; };
		7A71AD4524EC3806006D8029 /* TableViewModelType.swift in Sources */ = {isa = PBXBuildFile; fileRef = 7A71AD4424EC3806006D8029 /* TableViewModelType.swift */; };
/* End PBXBuildFile section */

/* Begin PBXFileReference section */
		7A71AD2224EBE1FB006D8029 /* mvvm-2.app */ = {isa = PBXFileReference; explicitFileType = wrapper.application; includeInIndex = 0; path = "mvvm-2.app"; sourceTree = BUILT_PRODUCTS_DIR; };
		7A71AD2524EBE1FB006D8029 /* AppDelegate.swift */ = {isa = PBXFileReference; lastKnownFileType = sourcecode.swift; path = AppDelegate.swift; sourceTree = "<group>"; };
		7A71AD2724EBE1FB006D8029 /* SceneDelegate.swift */ = {isa = PBXFileReference; lastKnownFileType = sourcecode.swift; path = SceneDelegate.swift; sourceTree = "<group>"; };
		7A71AD2C24EBE1FB006D8029 /* Base */ = {isa = PBXFileReference; lastKnownFileType = file.storyboard; name = Base; path = Base.lproj/Main.storyboard; sourceTree = "<group>"; };
		7A71AD2E24EBE1FD006D8029 /* Assets.xcassets */ = {isa = PBXFileReference; lastKnownFileType = folder.assetcatalog; path = Assets.xcassets; sourceTree = "<group>"; };
		7A71AD3124EBE1FD006D8029 /* Base */ = {isa = PBXFileReference; lastKnownFileType = file.storyboard; name = Base; path = Base.lproj/LaunchScreen.storyboard; sourceTree = "<group>"; };
		7A71AD3324EBE1FD006D8029 /* Info.plist */ = {isa = PBXFileReference; lastKnownFileType = text.plist.xml; path = Info.plist; sourceTree = "<group>"; };
		7A71AD3924EBE314006D8029 /* TableTableViewController.swift */ = {isa = PBXFileReference; lastKnownFileType = sourcecode.swift; path = TableTableViewController.swift; sourceTree = "<group>"; };
		7A71AD3B24EBE37B006D8029 /* Profile.swift */ = {isa = PBXFileReference; lastKnownFileType = sourcecode.swift; path = Profile.swift; sourceTree = "<group>"; };
		7A71AD3E24EC0629006D8029 /* TableViewCell.swift */ = {isa = PBXFileReference; lastKnownFileType = sourcecode.swift; path = TableViewCell.swift; sourceTree = "<group>"; };
		7A71AD4224EC3308006D8029 /* ViewModel.swift */ = {isa = PBXFileReference; lastKnownFileType = sourcecode.swift; path = ViewModel.swift; sourceTree = "<group>"; };
		7A71AD4424EC3806006D8029 /* TableViewModelType.swift */ = {isa = PBXFileReference; lastKnownFileType = sourcecode.swift; path = TableViewModelType.swift; sourceTree = "<group>"; };
/* End PBXFileReference section */

/* Begin PBXFrameworksBuildPhase section */
		7A71AD1F24EBE1FB006D8029 /* Frameworks */ = {
			isa = PBXFrameworksBuildPhase;
			buildActionMask = 2147483647;
			files = (
			);
			runOnlyForDeploymentPostprocessing = 0;
		};
/* End PBXFrameworksBuildPhase section */

/* Begin PBXGroup section */
		7A71AD1924EBE1FB006D8029 = {
			isa = PBXGroup;
			children = (
				7A71AD2424EBE1FB006D8029 /* mvvm-2 */,
				7A71AD2324EBE1FB006D8029 /* Products */,
			);
			sourceTree = "<group>";
		};
		7A71AD2324EBE1FB006D8029 /* Products */ = {
			isa = PBXGroup;
			children = (
				7A71AD2224EBE1FB006D8029 /* mvvm-2.app */,
			);
			name = Products;
			sourceTree = "<group>";
		};
		7A71AD2424EBE1FB006D8029 /* mvvm-2 */ = {
			isa = PBXGroup;
			children = (
				7A71AD4724EC395D006D8029 /* ViewModel */,
				7A71AD4824EC3970006D8029 /* Protocols */,
				7A71AD4024EC0775006D8029 /* Model */,
				7A71AD4124EC0796006D8029 /* View */,
				7A71AD2524EBE1FB006D8029 /* AppDelegate.swift */,
				7A71AD2724EBE1FB006D8029 /* SceneDelegate.swift */,
				7A71AD2B24EBE1FB006D8029 /* Main.storyboard */,
				7A71AD2E24EBE1FD006D8029 /* Assets.xcassets */,
				7A71AD3024EBE1FD006D8029 /* LaunchScreen.storyboard */,
				7A71AD3324EBE1FD006D8029 /* Info.plist */,
			);
			path = "mvvm-2";
			sourceTree = "<group>";
		};
		7A71AD4024EC0775006D8029 /* Model */ = {
			isa = PBXGroup;
			children = (
				7A71AD3B24EBE37B006D8029 /* Profile.swift */,
			);
			path = Model;
			sourceTree = "<group>";
		};
		7A71AD4124EC0796006D8029 /* View */ = {
			isa = PBXGroup;
			children = (
				7A71AD3924EBE314006D8029 /* TableTableViewController.swift */,
				7A71AD3E24EC0629006D8029 /* TableViewCell.swift */,
			);
			path = View;
			sourceTree = "<group>";
		};
		7A71AD4724EC395D006D8029 /* ViewModel */ = {
			isa = PBXGroup;
			children = (
				7A71AD4224EC3308006D8029 /* ViewModel.swift */,
			);
			path = ViewModel;
			sourceTree = "<group>";
		};
		7A71AD4824EC3970006D8029 /* Protocols */ = {
			isa = PBXGroup;
			children = (
				7A71AD4424EC3806006D8029 /* TableViewModelType.swift */,
			);
			path = Protocols;
			sourceTree = "<group>";
		};
/* End PBXGroup section */

/* Begin PBXNativeTarget section */
		7A71AD2124EBE1FB006D8029 /* mvvm-2 */ = {
			isa = PBXNativeTarget;
			buildConfigurationList = 7A71AD3624EBE1FD006D8029 /* Build configuration list for PBXNativeTarget "mvvm-2" */;
			buildPhases = (
				7A71AD1E24EBE1FB006D8029 /* Sources */,
				7A71AD1F24EBE1FB006D8029 /* Frameworks */,
				7A71AD2024EBE1FB006D8029 /* Resources */,
			);
			buildRules = (
			);
			dependencies = (
			);
			name = "mvvm-2";
			productName = "mvvm-2";
			productReference = 7A71AD2224EBE1FB006D8029 /* mvvm-2.app */;
			productType = "com.apple.product-type.application";
		};
/* End PBXNativeTarget section */

/* Begin PBXProject section */
		7A71AD1A24EBE1FB006D8029 /* Project object */ = {
			isa = PBXProject;
			attributes = {
				LastSwiftUpdateCheck = 1130;
				LastUpgradeCheck = 1130;
				ORGANIZATIONNAME = yurik;
				TargetAttributes = {
					7A71AD2124EBE1FB006D8029 = {
						CreatedOnToolsVersion = 11.3.1;
					};
				};
			};
			buildConfigurationList = 7A71AD1D24EBE1FB006D8029 /* Build configuration list for PBXProject "mvvm-2" */;
			compatibilityVersion = "Xcode 9.3";
			developmentRegion = en;
			hasScannedForEncodings = 0;
			knownRegions = (
				en,
				Base,
			);
			mainGroup = 7A71AD1924EBE1FB006D8029;
			productRefGroup = 7A71AD2324EBE1FB006D8029 /* Products */;
			projectDirPath = "";
			projectRoot = "";
			targets = (
				7A71AD2124EBE1FB006D8029 /* mvvm-2 */,
			);
		};
/* End PBXProject section */

/* Begin PBXResourcesBuildPhase section */
		7A71AD2024EBE1FB006D8029 /* Resources */ = {
			isa = PBXResourcesBuildPhase;
			buildActionMask = 2147483647;
			files = (
				7A71AD3224EBE1FD006D8029 /* LaunchScreen.storyboard in Resources */,
				7A71AD2F24EBE1FD006D8029 /* Assets.xcassets in Resources */,
				7A71AD2D24EBE1FB006D8029 /* Main.storyboard in Resources */,
			);
			runOnlyForDeploymentPostprocessing = 0;
		};
/* End PBXResourcesBuildPhase section */

/* Begin PBXSourcesBuildPhase section */
		7A71AD1E24EBE1FB006D8029 /* Sources */ = {
			isa = PBXSourcesBuildPhase;
			buildActionMask = 2147483647;
			files = (
				7A71AD3F24EC0629006D8029 /* TableViewCell.swift in Sources */,
				7A71AD2624EBE1FB006D8029 /* AppDelegate.swift in Sources */,
				7A71AD3C24EBE37B006D8029 /* Profile.swift in Sources */,
				7A71AD3A24EBE314006D8029 /* TableTableViewController.swift in Sources */,
				7A71AD4524EC3806006D8029 /* TableViewModelType.swift in Sources */,
				7A71AD4324EC3308006D8029 /* ViewModel.swift in Sources */,
				7A71AD2824EBE1FB006D8029 /* SceneDelegate.swift in Sources */,
			);
			runOnlyForDeploymentPostprocessing = 0;
		};
/* End PBXSourcesBuildPhase section */

/* Begin PBXVariantGroup section */
		7A71AD2B24EBE1FB006D8029 /* Main.storyboard */ = {
			isa = PBXVariantGroup;
			children = (
				7A71AD2C24EBE1FB006D8029 /* Base */,
			);
			name = Main.storyboard;
			sourceTree = "<group>";
		};
		7A71AD3024EBE1FD006D8029 /* LaunchScreen.storyboard */ = {
			isa = PBXVariantGroup;
			children = (
				7A71AD3124EBE1FD006D8029 /* Base */,
			);
			name = LaunchScreen.storyboard;
			sourceTree = "<group>";
		};
/* End PBXVariantGroup section */

/* Begin XCBuildConfiguration section */
		7A71AD3424EBE1FD006D8029 /* Debug */ = {
			isa = XCBuildConfiguration;
			buildSettings = {
				ALWAYS_SEARCH_USER_PATHS = NO;
				CLANG_ANALYZER_NONNULL = YES;
				CLANG_ANALYZER_NUMBER_OBJECT_CONVERSION = YES_AGGRESSIVE;
				CLANG_CXX_LANGUAGE_STANDARD = "gnu++14";
				CLANG_CXX_LIBRARY = "libc++";
				CLANG_ENABLE_MODULES = YES;
				CLANG_ENABLE_OBJC_ARC = YES;
				CLANG_ENABLE_OBJC_WEAK = YES;
				CLANG_WARN_BLOCK_CAPTURE_AUTORELEASING = YES;
				CLANG_WARN_BOOL_CONVERSION = YES;
				CLANG_WARN_COMMA = YES;
				CLANG_WARN_CONSTANT_CONVERSION = YES;
				CLANG_WARN_DEPRECATED_OBJC_IMPLEMENTATIONS = YES;
				CLANG_WARN_DIRECT_OBJC_ISA_USAGE = YES_ERROR;
				CLANG_WARN_DOCUMENTATION_COMMENTS = YES;
				CLANG_WARN_EMPTY_BODY = YES;
				CLANG_WARN_ENUM_CONVERSION = YES;
				CLANG_WARN_INFINITE_RECURSION = YES;
				CLANG_WARN_INT_CONVERSION = YES;
				CLANG_WARN_NON_LITERAL_NULL_CONVERSION = YES;
				CLANG_WARN_OBJC_IMPLICIT_RETAIN_SELF = YES;
				CLANG_WARN_OBJC_LITERAL_CONVERSION = YES;
				CLANG_WARN_OBJC_ROOT_CLASS = YES_ERROR;
				CLANG_WARN_RANGE_LOOP_ANALYSIS = YES;
				CLANG_WARN_STRICT_PROTOTYPES = YES;
				CLANG_WARN_SUSPICIOUS_MOVE = YES;
				CLANG_WARN_UNGUARDED_AVAILABILITY = YES_AGGRESSIVE;
				CLANG_WARN_UNREACHABLE_CODE = YES;
				CLANG_WARN__DUPLICATE_METHOD_MATCH = YES;
				COPY_PHASE_STRIP = NO;
				DEBUG_INFORMATION_FORMAT = dwarf;
				ENABLE_STRICT_OBJC_MSGSEND = YES;
				ENABLE_TESTABILITY = YES;
				GCC_C_LANGUAGE_STANDARD = gnu11;
				GCC_DYNAMIC_NO_PIC = NO;
				GCC_NO_COMMON_BLOCKS = YES;
				GCC_OPTIMIZATION_LEVEL = 0;
				GCC_PREPROCESSOR_DEFINITIONS = (
					"DEBUG=1",
					"$(inherited)",
				);
				GCC_WARN_64_TO_32_BIT_CONVERSION = YES;
				GCC_WARN_ABOUT_RETURN_TYPE = YES_ERROR;
				GCC_WARN_UNDECLARED_SELECTOR = YES;
				GCC_WARN_UNINITIALIZED_AUTOS = YES_AGGRESSIVE;
				GCC_WARN_UNUSED_FUNCTION = YES;
				GCC_WARN_UNUSED_VARIABLE = YES;
				IPHONEOS_DEPLOYMENT_TARGET = 13.2;
				MTL_ENABLE_DEBUG_INFO = INCLUDE_SOURCE;
				MTL_FAST_MATH = YES;
				ONLY_ACTIVE_ARCH = YES;
				SDKROOT = iphoneos;
				SWIFT_ACTIVE_COMPILATION_CONDITIONS = DEBUG;
				SWIFT_OPTIMIZATION_LEVEL = "-Onone";
			};
			name = Debug;
		};
		7A71AD3524EBE1FD006D8029 /* Release */ = {
			isa = XCBuildConfiguration;
			buildSettings = {
				ALWAYS_SEARCH_USER_PATHS = NO;
				CLANG_ANALYZER_NONNULL = YES;
				CLANG_ANALYZER_NUMBER_OBJECT_CONVERSION = YES_AGGRESSIVE;
				CLANG_CXX_LANGUAGE_STANDARD = "gnu++14";
				CLANG_CXX_LIBRARY = "libc++";
				CLANG_ENABLE_MODULES = YES;
				CLANG_ENABLE_OBJC_ARC = YES;
				CLANG_ENABLE_OBJC_WEAK = YES;
				CLANG_WARN_BLOCK_CAPTURE_AUTORELEASING = YES;
				CLANG_WARN_BOOL_CONVERSION = YES;
				CLANG_WARN_COMMA = YES;
				CLANG_WARN_CONSTANT_CONVERSION = YES;
				CLANG_WARN_DEPRECATED_OBJC_IMPLEMENTATIONS = YES;
				CLANG_WARN_DIRECT_OBJC_ISA_USAGE = YES_ERROR;
				CLANG_WARN_DOCUMENTATION_COMMENTS = YES;
				CLANG_WARN_EMPTY_BODY = YES;
				CLANG_WARN_ENUM_CONVERSION = YES;
				CLANG_WARN_INFINITE_RECURSION = YES;
				CLANG_WARN_INT_CONVERSION = YES;
				CLANG_WARN_NON_LITERAL_NULL_CONVERSION = YES;
				CLANG_WARN_OBJC_IMPLICIT_RETAIN_SELF = YES;
				CLANG_WARN_OBJC_LITERAL_CONVERSION = YES;
				CLANG_WARN_OBJC_ROOT_CLASS = YES_ERROR;
				CLANG_WARN_RANGE_LOOP_ANALYSIS = YES;
				CLANG_WARN_STRICT_PROTOTYPES = YES;
				CLANG_WARN_SUSPICIOUS_MOVE = YES;
				CLANG_WARN_UNGUARDED_AVAILABILITY = YES_AGGRESSIVE;
				CLANG_WARN_UNREACHABLE_CODE = YES;
				CLANG_WARN__DUPLICATE_METHOD_MATCH = YES;
				COPY_PHASE_STRIP = NO;
				DEBUG_INFORMATION_FORMAT = "dwarf-with-dsym";
				ENABLE_NS_ASSERTIONS = NO;
				ENABLE_STRICT_OBJC_MSGSEND = YES;
				GCC_C_LANGUAGE_STANDARD = gnu11;
				GCC_NO_COMMON_BLOCKS = YES;
				GCC_WARN_64_TO_32_BIT_CONVERSION = YES;
				GCC_WARN_ABOUT_RETURN_TYPE = YES_ERROR;
				GCC_WARN_UNDECLARED_SELECTOR = YES;
				GCC_WARN_UNINITIALIZED_AUTOS = YES_AGGRESSIVE;
				GCC_WARN_UNUSED_FUNCTION = YES;
				GCC_WARN_UNUSED_VARIABLE = YES;
				IPHONEOS_DEPLOYMENT_TARGET = 13.2;
				MTL_ENABLE_DEBUG_INFO = NO;
				MTL_FAST_MATH = YES;
				SDKROOT = iphoneos;
				SWIFT_COMPILATION_MODE = wholemodule;
				SWIFT_OPTIMIZATION_LEVEL = "-O";
				VALIDATE_PRODUCT = YES;
			};
			name = Release;
		};
		7A71AD3724EBE1FD006D8029 /* Debug */ = {
			isa = XCBuildConfiguration;
			buildSettings = {
				ASSETCATALOG_COMPILER_APPICON_NAME = AppIcon;
				CODE_SIGN_STYLE = Automatic;
				DEVELOPMENT_TEAM = 754JYM9F2Z;
				INFOPLIST_FILE = "mvvm-2/Info.plist";
				LD_RUNPATH_SEARCH_PATHS = (
					"$(inherited)",
					"@executable_path/Frameworks",
				);
				PRODUCT_BUNDLE_IDENTIFIER = "Nosachenko.mvvm-2";
				PRODUCT_NAME = "$(TARGET_NAME)";
				SWIFT_VERSION = 5.0;
				TARGETED_DEVICE_FAMILY = "1,2";
			};
			name = Debug;
		};
		7A71AD3824EBE1FD006D8029 /* Release */ = {
			isa = XCBuildConfiguration;
			buildSettings = {
				ASSETCATALOG_COMPILER_APPICON_NAME = AppIcon;
				CODE_SIGN_STYLE = Automatic;
				DEVELOPMENT_TEAM = 754JYM9F2Z;
				INFOPLIST_FILE = "mvvm-2/Info.plist";
				LD_RUNPATH_SEARCH_PATHS = (
					"$(inherited)",
					"@executable_path/Frameworks",
				);
				PRODUCT_BUNDLE_IDENTIFIER = "Nosachenko.mvvm-2";
				PRODUCT_NAME = "$(TARGET_NAME)";
				SWIFT_VERSION = 5.0;
				TARGETED_DEVICE_FAMILY = "1,2";
			};
			name = Release;
		};
/* End XCBuildConfiguration section */

/* Begin XCConfigurationList section */
		7A71AD1D24EBE1FB006D8029 /* Build configuration list for PBXProject "mvvm-2" */ = {
			isa = XCConfigurationList;
			buildConfigurations = (
				7A71AD3424EBE1FD006D8029 /* Debug */,
				7A71AD3524EBE1FD006D8029 /* Release */,
			);
			defaultConfigurationIsVisible = 0;
			defaultConfigurationName = Release;
		};
		7A71AD3624EBE1FD006D8029 /* Build configuration list for PBXNativeTarget "mvvm-2" */ = {
			isa = XCConfigurationList;
			buildConfigurations = (
				7A71AD3724EBE1FD006D8029 /* Debug */,
				7A71AD3824EBE1FD006D8029 /* Release */,
			);
			defaultConfigurationIsVisible = 0;
			defaultConfigurationName = Release;
		};
/* End XCConfigurationList section */
	};
	rootObject = 7A71AD1A24EBE1FB006D8029 /* Project object */;
}
